{
  "version": 4,
  "terraform_version": "1.11.4",
  "serial": 33,
  "lineage": "011b6954-90df-5e8f-d62e-7791bd238c40",
  "outputs": {},
  "resources": [
    {
      "mode": "managed",
      "type": "helm_release",
      "name": "argocd",
      "provider": "provider[\"registry.terraform.io/hashicorp/helm\"]",
      "instances": [
        {
          "schema_version": 1,
          "attributes": {
            "atomic": false,
            "chart": "argo-cd",
            "cleanup_on_fail": false,
            "create_namespace": true,
            "dependency_update": false,
            "description": null,
            "devel": null,
            "disable_crd_hooks": false,
            "disable_openapi_validation": false,
            "disable_webhooks": false,
            "force_update": false,
            "id": "argocd",
            "keyring": null,
            "lint": false,
            "manifest": null,
            "max_history": 0,
            "metadata": [
              {
                "app_version": "v3.0.3",
                "chart": "argo-cd",
                "first_deployed": 1748209589,
                "last_deployed": 1748212939,
                "name": "argocd",
                "namespace": "argocd",
                "notes": "\nIn order to access the server UI you have the following options:\n\n1. kubectl port-forward service/argocd-server -n argocd 8080:443\n\n    and then open the browser on http://localhost:8080 and accept the certificate\n\n2. enable ingress in the values file `server.ingress.enabled` and either\n      - Add the annotation for ssl passthrough: https://argo-cd.readthedocs.io/en/stable/operator-manual/ingress/#option-1-ssl-passthrough\n      - Set the `configs.params.\"server.insecure\"` in the values file and terminate SSL at your ingress: https://argo-cd.readthedocs.io/en/stable/operator-manual/ingress/#option-2-multiple-ingress-objects-and-hosts\n\n\nAfter reaching the UI the first time you can login with username: admin and the random password generated during the installation. You can find the password by running:\n\nkubectl -n argocd get secret argocd-initial-admin-secret -o jsonpath=\"{.data.password}\" | base64 -d\n\n(You should delete the initial secret afterwards as suggested by the Getting Started Guide: https://argo-cd.readthedocs.io/en/stable/getting_started/#4-login-using-the-cli)\n",
                "revision": 5,
                "values": "{\"configs\":{\"params\":{\"server.insecure\":true},\"secret\":{\"argocdServerAdminPassword\":\"$2a$10$sE3Pt0q7g6oZGHSsRRWkUu9X1ymIxwyZZ4dYsyjkHuxYsr2SyZvNO\"}},\"global\":{\"image\":{\"tag\":\"v2.11.3\"}},\"server\":{\"service\":{\"nodePort\":30080,\"port\":80,\"type\":\"NodePort\"}}}",
                "version": "8.0.9"
              }
            ],
            "name": "argocd",
            "namespace": "argocd",
            "pass_credentials": false,
            "postrender": [],
            "recreate_pods": false,
            "render_subchart_notes": true,
            "replace": false,
            "repository": "https://argoproj.github.io/argo-helm",
            "repository_ca_file": null,
            "repository_cert_file": null,
            "repository_key_file": null,
            "repository_password": null,
            "repository_username": null,
            "reset_values": false,
            "reuse_values": false,
            "set": [],
            "set_list": [],
            "set_sensitive": [],
            "skip_crds": false,
            "status": "deployed",
            "timeout": 300,
            "upgrade_install": null,
            "values": [
              "---\nglobal:\n  image:\n    tag: \"v2.11.3\"\n\nconfigs:\n  secret:\n    argocdServerAdminPassword: \"$2a$10$sE3Pt0q7g6oZGHSsRRWkUu9X1ymIxwyZZ4dYsyjkHuxYsr2SyZvNO\" \n  params:\n    server.insecure: true\n\nserver:\n  service:\n    type: NodePort\n    port: 80\n    nodePort: 30080\n"
            ],
            "verify": false,
            "version": "8.0.9",
            "wait": true,
            "wait_for_jobs": false
          },
          "sensitive_attributes": [
            [
              {
                "type": "get_attr",
                "value": "repository_password"
              }
            ]
          ],
          "private": "eyJzY2hlbWFfdmVyc2lvbiI6IjEifQ=="
        }
      ]
    }
  ],
  "check_results": null
}
